
Microsoft Visual Studio Solution File, Format Version 12.00
# Visual Studio 2013
VisualStudioVersion = 12.0.40629.0
MinimumVisualStudioVersion = 10.0.40219.1
Project("{FAE04EC0-301F-11D3-BF4B-00C04F79EFBC}") = "RelativityScriptViewer", "RelativityScriptViewer\RelativityScriptViewer.csproj", "{1C0ACC48-79E4-4611-909C-B413047FC6DD}"
EndProject
Project("{FAE04EC0-301F-11D3-BF4B-00C04F79EFBC}") = "AssemblyInfoGlobal", "AssemblyInfoGlobal\AssemblyInfoGlobal.csproj", "{4F697023-7462-4BA3-91AC-C92C4AF50F4B}"
EndProject
Project("{FAE04EC0-301F-11D3-BF4B-00C04F79EFBC}") = "RelativityDBHelper", "RelativityDBHelper\RelativityDBHelper.csproj", "{E03D321F-4A43-4102-81AB-82A4030D8C8A}"
EndProject
Global
	GlobalSection(SolutionConfigurationPlatforms) = preSolution
		Debug|Any CPU = Debug|Any CPU
		Release|Any CPU = Release|Any CPU
	EndGlobalSection
	GlobalSection(ProjectConfigurationPlatforms) = postSolution
		{1C0ACC48-79E4-4611-909C-B413047FC6DD}.Debug|Any CPU.ActiveCfg = Debug|Any CPU
		{1C0ACC48-79E4-4611-909C-B413047FC6DD}.Debug|Any CPU.Build.0 = Debug|Any CPU
		{1C0ACC48-79E4-4611-909C-B413047FC6DD}.Release|Any CPU.ActiveCfg = Release|Any CPU
		{1C0ACC48-79E4-4611-909C-B413047FC6DD}.Release|Any CPU.Build.0 = Release|Any CPU
		{4F697023-7462-4BA3-91AC-C92C4AF50F4B}.Debug|Any CPU.ActiveCfg = Debug|Any CPU
		{4F697023-7462-4BA3-91AC-C92C4AF50F4B}.Debug|Any CPU.Build.0 = Debug|Any CPU
		{4F697023-7462-4BA3-91AC-C92C4AF50F4B}.Release|Any CPU.ActiveCfg = Release|Any CPU
		{4F697023-7462-4BA3-91AC-C92C4AF50F4B}.Release|Any CPU.Build.0 = Release|Any CPU
		{E03D321F-4A43-4102-81AB-82A4030D8C8A}.Debug|Any CPU.ActiveCfg = Debug|Any CPU
		{E03D321F-4A43-4102-81AB-82A4030D8C8A}.Debug|Any CPU.Build.0 = Debug|Any CPU
		{E03D321F-4A43-4102-81AB-82A4030D8C8A}.Release|Any CPU.ActiveCfg = Release|Any CPU
		{E03D321F-4A43-4102-81AB-82A4030D8C8A}.Release|Any CPU.Build.0 = Release|Any CPU
	EndGlobalSection
	GlobalSection(SolutionProperties) = preSolution
		HideSolutionNode = FALSE
	EndGlobalSection
EndGlobal
